
Microsoft Visual Studio Solution File, Format Version 12.00
# Visual Studio 15
VisualStudioVersion = 15.0.28307.1259
MinimumVisualStudioVersion = 10.0.40219.1
Project("{FAE04EC0-301F-11D3-BF4B-00C04F79EFBC}") = "TesterProgram", "TesterProgram\TesterProgram.csproj", "{C277903E-5F85-4CD0-9597-94F8BE3C548A}"
EndProject
Project("{FAE04EC0-301F-11D3-BF4B-00C04F79EFBC}") = "ClassesLibrary", "ClassesLibrary\ClassesLibrary.csproj", "{B508F9AB-531E-4C23-8A98-50A96F73252F}"
EndProject
Global
	GlobalSection(SolutionConfigurationPlatforms) = preSolution
		Debug|Any CPU = Debug|Any CPU
		Release|Any CPU = Release|Any CPU
	EndGlobalSection
	GlobalSection(ProjectConfigurationPlatforms) = postSolution
		{C277903E-5F85-4CD0-9597-94F8BE3C548A}.Debug|Any CPU.ActiveCfg = Debug|Any CPU
		{C277903E-5F85-4CD0-9597-94F8BE3C548A}.Debug|Any CPU.Build.0 = Debug|Any CPU
		{C277903E-5F85-4CD0-9597-94F8BE3C548A}.Release|Any CPU.ActiveCfg = Release|Any CPU
		{C277903E-5F85-4CD0-9597-94F8BE3C548A}.Release|Any CPU.Build.0 = Release|Any CPU
		{B508F9AB-531E-4C23-8A98-50A96F73252F}.Debug|Any CPU.ActiveCfg = Debug|Any CPU
		{B508F9AB-531E-4C23-8A98-50A96F73252F}.Debug|Any CPU.Build.0 = Debug|Any CPU
		{B508F9AB-531E-4C23-8A98-50A96F73252F}.Release|Any CPU.ActiveCfg = Release|Any CPU
		{B508F9AB-531E-4C23-8A98-50A96F73252F}.Release|Any CPU.Build.0 = Release|Any CPU
	EndGlobalSection
	GlobalSection(SolutionProperties) = preSolution
		HideSolutionNode = FALSE
	EndGlobalSection
	GlobalSection(ExtensibilityGlobals) = postSolution
		SolutionGuid = {A76E8DCE-A711-443C-9E09-FF931AEE98EC}
	EndGlobalSection
EndGlobal
